
Microsoft Visual Studio Solution File, Format Version 12.00
# Visual Studio Version 17
VisualStudioVersion = 17.6.33801.468
MinimumVisualStudioVersion = 10.0.40219.1
Project("{8BC9CEB8-8B4A-11D0-8D11-00A0C91BC942}") = "hashmap_pointer_array", "hashmap_pointer_array\hashmap_pointer_array.vcxproj", "{D88421C2-18B9-4C18-BCE1-4E69951FF173}"
EndProject
Global
	GlobalSection(SolutionConfigurationPlatforms) = preSolution
		Debug|x64 = Debug|x64
		Debug|x86 = Debug|x86
		Release|x64 = Release|x64
		Release|x86 = Release|x86
	EndGlobalSection
	GlobalSection(ProjectConfigurationPlatforms) = postSolution
		{D88421C2-18B9-4C18-BCE1-4E69951FF173}.Debug|x64.ActiveCfg = Debug|x64
		{D88421C2-18B9-4C18-BCE1-4E69951FF173}.Debug|x64.Build.0 = Debug|x64
		{D88421C2-18B9-4C18-BCE1-4E69951FF173}.Debug|x86.ActiveCfg = Debug|Win32
		{D88421C2-18B9-4C18-BCE1-4E69951FF173}.Debug|x86.Build.0 = Debug|Win32
		{D88421C2-18B9-4C18-BCE1-4E69951FF173}.Release|x64.ActiveCfg = Release|x64
		{D88421C2-18B9-4C18-BCE1-4E69951FF173}.Release|x64.Build.0 = Release|x64
		{D88421C2-18B9-4C18-BCE1-4E69951FF173}.Release|x86.ActiveCfg = Release|Win32
		{D88421C2-18B9-4C18-BCE1-4E69951FF173}.Release|x86.Build.0 = Release|Win32
	EndGlobalSection
	GlobalSection(SolutionProperties) = preSolution
		HideSolutionNode = FALSE
	EndGlobalSection
	GlobalSection(ExtensibilityGlobals) = postSolution
		SolutionGuid = {90274BD7-FB2E-4AF1-991D-EED7779B6182}
	EndGlobalSection
EndGlobal
