
Microsoft Visual Studio Solution File, Format Version 12.00
# Visual Studio Version 17
VisualStudioVersion = 17.6.33801.468
MinimumVisualStudioVersion = 10.0.40219.1
Project("{8BC9CEB8-8B4A-11D0-8D11-00A0C91BC942}") = "deque_doubly_linked_list", "deque_doubly_linked_list\deque_doubly_linked_list.vcxproj", "{6F7ADCF8-93F4-4BF3-B832-D13A102A6C5D}"
EndProject
Global
	GlobalSection(SolutionConfigurationPlatforms) = preSolution
		Debug|x64 = Debug|x64
		Debug|x86 = Debug|x86
		Release|x64 = Release|x64
		Release|x86 = Release|x86
	EndGlobalSection
	GlobalSection(ProjectConfigurationPlatforms) = postSolution
		{6F7ADCF8-93F4-4BF3-B832-D13A102A6C5D}.Debug|x64.ActiveCfg = Debug|x64
		{6F7ADCF8-93F4-4BF3-B832-D13A102A6C5D}.Debug|x64.Build.0 = Debug|x64
		{6F7ADCF8-93F4-4BF3-B832-D13A102A6C5D}.Debug|x86.ActiveCfg = Debug|Win32
		{6F7ADCF8-93F4-4BF3-B832-D13A102A6C5D}.Debug|x86.Build.0 = Debug|Win32
		{6F7ADCF8-93F4-4BF3-B832-D13A102A6C5D}.Release|x64.ActiveCfg = Release|x64
		{6F7ADCF8-93F4-4BF3-B832-D13A102A6C5D}.Release|x64.Build.0 = Release|x64
		{6F7ADCF8-93F4-4BF3-B832-D13A102A6C5D}.Release|x86.ActiveCfg = Release|Win32
		{6F7ADCF8-93F4-4BF3-B832-D13A102A6C5D}.Release|x86.Build.0 = Release|Win32
	EndGlobalSection
	GlobalSection(SolutionProperties) = preSolution
		HideSolutionNode = FALSE
	EndGlobalSection
	GlobalSection(ExtensibilityGlobals) = postSolution
		SolutionGuid = {3CCF38EA-5706-4599-B779-7C5223392A8D}
	EndGlobalSection
EndGlobal
