
Microsoft Visual Studio Solution File, Format Version 12.00
# Visual Studio Version 17
VisualStudioVersion = 17.4.33110.190
MinimumVisualStudioVersion = 10.0.40219.1
Project("{8BC9CEB8-8B4A-11D0-8D11-00A0C91BC942}") = "proper_fraction+", "proper_fraction+\proper_fraction+.vcxproj", "{F66004D0-1E91-470E-B031-EA7C38990435}"
EndProject
Global
	GlobalSection(SolutionConfigurationPlatforms) = preSolution
		Debug|x64 = Debug|x64
		Debug|x86 = Debug|x86
		Release|x64 = Release|x64
		Release|x86 = Release|x86
	EndGlobalSection
	GlobalSection(ProjectConfigurationPlatforms) = postSolution
		{F66004D0-1E91-470E-B031-EA7C38990435}.Debug|x64.ActiveCfg = Debug|x64
		{F66004D0-1E91-470E-B031-EA7C38990435}.Debug|x64.Build.0 = Debug|x64
		{F66004D0-1E91-470E-B031-EA7C38990435}.Debug|x86.ActiveCfg = Debug|Win32
		{F66004D0-1E91-470E-B031-EA7C38990435}.Debug|x86.Build.0 = Debug|Win32
		{F66004D0-1E91-470E-B031-EA7C38990435}.Release|x64.ActiveCfg = Release|x64
		{F66004D0-1E91-470E-B031-EA7C38990435}.Release|x64.Build.0 = Release|x64
		{F66004D0-1E91-470E-B031-EA7C38990435}.Release|x86.ActiveCfg = Release|Win32
		{F66004D0-1E91-470E-B031-EA7C38990435}.Release|x86.Build.0 = Release|Win32
	EndGlobalSection
	GlobalSection(SolutionProperties) = preSolution
		HideSolutionNode = FALSE
	EndGlobalSection
	GlobalSection(ExtensibilityGlobals) = postSolution
		SolutionGuid = {C697BB7D-4E6B-4B59-BD1E-6C0F3925F0E1}
	EndGlobalSection
EndGlobal
